
Microsoft Visual Studio Solution File, Format Version 12.00
# Visual Studio Version 17
VisualStudioVersion = 17.10.35027.167
MinimumVisualStudioVersion = 10.0.40219.1
Project("{FAE04EC0-301F-11D3-BF4B-00C04F79EFBC}") = "game Caro", "game Caro\game Caro.csproj", "{968B7023-7F01-4DC3-9154-44212B8CACFF}"
EndProject
Global
	GlobalSection(SolutionConfigurationPlatforms) = preSolution
		Debug|Any CPU = Debug|Any CPU
		Release|Any CPU = Release|Any CPU
	EndGlobalSection
	GlobalSection(ProjectConfigurationPlatforms) = postSolution
		{968B7023-7F01-4DC3-9154-44212B8CACFF}.Debug|Any CPU.ActiveCfg = Debug|Any CPU
		{968B7023-7F01-4DC3-9154-44212B8CACFF}.Debug|Any CPU.Build.0 = Debug|Any CPU
		{968B7023-7F01-4DC3-9154-44212B8CACFF}.Release|Any CPU.ActiveCfg = Release|Any CPU
		{968B7023-7F01-4DC3-9154-44212B8CACFF}.Release|Any CPU.Build.0 = Release|Any CPU
	EndGlobalSection
	GlobalSection(SolutionProperties) = preSolution
		HideSolutionNode = FALSE
	EndGlobalSection
	GlobalSection(ExtensibilityGlobals) = postSolution
		SolutionGuid = {2647A09D-C04B-4559-B908-F80ED55AE6B7}
	EndGlobalSection
EndGlobal
